schema: '2.0'
stages:
  data_ingestion:
    cmd: python3 src/data_ingestion.py
    deps:
    - path: src/data_ingestion.py
      hash: md5
      md5: f40cddd0da509bf2469bbcafbcd90852
      size: 3807
    params:
      params.yaml:
        data_ingestion.test_size: 0.2
    outs:
    - path: data/raw
      hash: md5
      md5: 2b74184b94947236c591da5fd50f1e6d.dir
      size: 479280
      nfiles: 2
  pre_processing:
    cmd: python3 src/pre_processing.py
    deps:
    - path: data/raw
      hash: md5
      md5: 2b74184b94947236c591da5fd50f1e6d.dir
      size: 479280
      nfiles: 2
    - path: src/pre_processing.py
      hash: md5
      md5: 8a12cb136cdaaa4688567d6eb7789df5
      size: 3802
    outs:
    - path: data/process_data
      hash: md5
      md5: e2d6a952237f89157c4616f5ad36787b.dir
      size: 254826
      nfiles: 2
  feature_eng:
    cmd: python3 src/feature_eng.py
    deps:
    - path: data/process_data
      hash: md5
      md5: e2d6a952237f89157c4616f5ad36787b.dir
      size: 254826
      nfiles: 2
    - path: src/feature_eng.py
      hash: md5
      md5: 40727676240ab1607c6ac4a734bab8a2
      size: 4023
    params:
      params.yaml:
        feature_eng.max_feature: 50
    outs:
    - path: data/featureData
      hash: md5
      md5: 117c05a6dd6931c8741f520d75a5d823.dir
      size: 1174741
      nfiles: 2
  model_building:
    cmd: python3 src/model_building.py
    deps:
    - path: data/featureData
      hash: md5
      md5: 117c05a6dd6931c8741f520d75a5d823.dir
      size: 1174741
      nfiles: 2
    - path: src/model_building.py
      hash: md5
      md5: fd434c0d48fabfaab7e16c828dc9cf37
      size: 3847
    params:
      params.yaml:
        model_building.n_estimator: 25
        model_building.ramdom_state: 2
    outs:
    - path: models/model.pkl
      hash: md5
      md5: 8523fee740d9f1ddd98058f1b5f2467c
      size: 998489
  model_evalution:
    cmd: python3 src/model_evalution.py
    deps:
    - path: models/model.pkl
      hash: md5
      md5: 8523fee740d9f1ddd98058f1b5f2467c
      size: 998489
    - path: src/model_evalution.py
      hash: md5
      md5: 9079d6a1e85b16006ef5a99dbe98e830
      size: 3767
    outs:
    - path: reports/metrics.json
      hash: md5
      md5: b5787b27ec5636c84a4468953782b599
      size: 140
